
Microsoft Visual Studio Solution File, Format Version 12.00
# Visual Studio Version 17
VisualStudioVersion = 17.8.34004.107
MinimumVisualStudioVersion = 10.0.40219.1
Project("{2150E333-8FDC-42A3-9474-1A3956D46DE8}") = "00-Opakovani", "00-Opakovani", "{2D0CA24D-A028-4917-97E7-42F15917A1DE}"
EndProject
Project("{9A19103F-16F7-4668-BE54-9A1E7A4F7556}") = "00-Rev-Demo-Ternarni-operator", "00-Rev-Demo-Ternarni-operator\00-Rev-Demo-Ternarni-operator.csproj", "{A6F3D909-73A5-4C41-B5D9-3DCBCFD283F6}"
EndProject
Project("{9A19103F-16F7-4668-BE54-9A1E7A4F7556}") = "00-Rev-Demo-Formatovaci-retezec", "00-Rev-Demo-Formatovaci-retezec\00-Rev-Demo-Formatovaci-retezec.csproj", "{4B043CF5-0CE7-433C-B351-8DDED05E2316}"
EndProject
Project("{9A19103F-16F7-4668-BE54-9A1E7A4F7556}") = "00-Rev-Ukazka-posledni-dlouhe-slovo", "00-Rev-Ukazka-posledni-dlouhe-slovo\00-Rev-Ukazka-posledni-dlouhe-slovo.csproj", "{8AA61202-1F93-45EA-B5D9-FE8953F425EB}"
EndProject
Project("{9A19103F-16F7-4668-BE54-9A1E7A4F7556}") = "00-Rev-Demo-Enum", "00-Rev-Demo-Enum\00-Rev-Demo-Enum.csproj", "{5CAF2CB9-599A-42AA-A22E-CF3202002370}"
EndProject
Project("{9A19103F-16F7-4668-BE54-9A1E7A4F7556}") = "00-Rev-Exceptions-Demo", "00-Rev-Exceptions-Demo\00-Rev-Exceptions-Demo.csproj", "{4269E71F-211E-4257-B5D8-248D4DF799C5}"
EndProject
Project("{9A19103F-16F7-4668-BE54-9A1E7A4F7556}") = "00-Rev-Exceptions-Division", "00-Rev-Exceptions-Division\00-Rev-Exceptions-Division.csproj", "{94B312DC-F1F3-4188-AA85-A5213E43E4D6}"
EndProject
Project("{9A19103F-16F7-4668-BE54-9A1E7A4F7556}") = "01-OOP-010-Role", "01-OOP-010-Role\01-OOP-010-Role.csproj", "{E6C9D6F0-6497-496F-B50D-43F180C2C400}"
EndProject
Project("{9A19103F-16F7-4668-BE54-9A1E7A4F7556}") = "01-OOP-020-Tachometr", "01-OOP-020-Tachometr\01-OOP-020-Tachometr.csproj", "{0ADC0FD8-18DA-4140-BBEE-E2014F64A1AA}"
EndProject
Project("{2150E333-8FDC-42A3-9474-1A3956D46DE8}") = "01-OOP", "01-OOP", "{468E69D8-11AB-4501-B321-71481F4A1F7B}"
EndProject
Project("{9A19103F-16F7-4668-BE54-9A1E7A4F7556}") = "01-OOP-021-Pes-a-clovek", "01-OOP-21-Pes-a-clovek\01-OOP-021-Pes-a-clovek.csproj", "{71C7E1CB-2B64-4FE3-8551-43B5141C025E}"
EndProject
Project("{9A19103F-16F7-4668-BE54-9A1E7A4F7556}") = "01-OOP-040-Test-vyrobku", "01-OOP-30-Test-vyrobku\01-OOP-040-Test-vyrobku.csproj", "{F17134F4-1DD8-4F1E-851E-EE842C730AB4}"
EndProject
Project("{9A19103F-16F7-4668-BE54-9A1E7A4F7556}") = "01-OOP-050-Lanovka", "01-OOP-050-Lanovka\01-OOP-050-Lanovka.csproj", "{4B04C39A-4615-4430-A797-B610AAE24F31}"
EndProject
Project("{9A19103F-16F7-4668-BE54-9A1E7A4F7556}") = "01-OOP-051-Lanovka-index", "01-OOP-051-Lanovka-index\01-OOP-051-Lanovka-index.csproj", "{66BE0681-4B4C-4C91-BA1A-5194E0C0C77C}"
EndProject
Project("{9A19103F-16F7-4668-BE54-9A1E7A4F7556}") = "01-OOP-052-Lanovka-Linked", "01-OOP-052-Lanovka-Linked\01-OOP-052-Lanovka-Linked.csproj", "{1B067774-32EE-45FD-981D-D056A5DE6DCC}"
EndProject
Project("{2150E333-8FDC-42A3-9474-1A3956D46DE8}") = "02-OOP2-Dedicnost", "02-OOP2-Dedicnost", "{61151C07-D52B-4CE2-9CC1-90124523CC93}"
EndProject
Project("{9A19103F-16F7-4668-BE54-9A1E7A4F7556}") = "02-OOP2-02-Dedicnost-konstruktor", "02-OOP2-02-Dedicnost-konstruktor\02-OOP2-02-Dedicnost-konstruktor.csproj", "{0D627C93-2F55-43C6-A47A-6BFE277BFE9E}"
EndProject
Project("{9A19103F-16F7-4668-BE54-9A1E7A4F7556}") = "02-OOP2-cv01-Obdelnik-a-Ctverec", "02-OOP2-03-Obdelnik-a-Ctverec\02-OOP2-cv01-Obdelnik-a-Ctverec.csproj", "{9D2A8EDC-2AE5-4675-B6AB-9FDA2AFC2C3D}"
EndProject
Project("{9A19103F-16F7-4668-BE54-9A1E7A4F7556}") = "02-OOP2-01-Savec-zaklad", "02-OOP2-01-Savec-zaklad\02-OOP2-01-Savec-zaklad.csproj", "{3CFF901F-7E0E-45E4-8FBC-E4F2D06CC083}"
EndProject
Project("{9A19103F-16F7-4668-BE54-9A1E7A4F7556}") = "01-OOP-Test-reseni", "01-OOP-Test-reseni\01-OOP-Test-reseni.csproj", "{6EBBC4D4-F9B9-4459-BF8E-A67D7C31ED79}"
EndProject
Project("{9A19103F-16F7-4668-BE54-9A1E7A4F7556}") = "02-OOP2-cv02-Pocitadla", "02-OOP2-cv02-Pocitadla\02-OOP2-cv02-Pocitadla.csproj", "{B51D3241-7BCA-445A-8673-7C2659BB5528}"
EndProject
Project("{9A19103F-16F7-4668-BE54-9A1E7A4F7556}") = "02-OOP2-cv03-Ucty", "02-OOP2-cv03-Ucty\02-OOP2-cv03-Ucty.csproj", "{95A29A64-802D-4DBF-A1BC-94ED0883B311}"
EndProject
Project("{9A19103F-16F7-4668-BE54-9A1E7A4F7556}") = "02-OOP2-03-Abstrakce", "02-OOP2-03-Abstrakce\02-OOP2-03-Abstrakce.csproj", "{ACA76E87-D6A2-4F82-96B2-426866ECC06E}"
EndProject
Project("{9A19103F-16F7-4668-BE54-9A1E7A4F7556}") = "02-OOP2-cv04-Zamestnanci", "02-OOP2-04-Zamestnanci\02-OOP2-cv04-Zamestnanci.csproj", "{80D28154-3E43-4BC9-BB3C-9FF7A3C09AB1}"
EndProject
Project("{9A19103F-16F7-4668-BE54-9A1E7A4F7556}") = "02-OOP2-cv06-Utvary", "02-OOP2-Cv06-Utvary\02-OOP2-cv06-Utvary.csproj", "{742308A7-1119-42A9-B1A9-41D4FC539E9D}"
EndProject
Project("{FAE04EC0-301F-11D3-BF4B-00C04F79EFBC}") = "02-OOP2-04-IComparable-Karty", "02-OOP2-04-IComparable-Karty\02-OOP2-04-IComparable-Karty.csproj", "{DCDC1C29-4DE0-441F-987A-09CCA89288AF}"
EndProject
Project("{FAE04EC0-301F-11D3-BF4B-00C04F79EFBC}") = "02-OOP2-05-Inventory", "02-OOP2-05-Inventory\02-OOP2-05-Inventory.csproj", "{2DE6DA21-B135-4C45-A5BC-FE1D12503F5A}"
EndProject
Project("{9A19103F-16F7-4668-BE54-9A1E7A4F7556}") = "02-OOP2-cv05-Dopravni-prostredky", "02-OOP2-cv05-Dopravni-prostredky\02-OOP2-cv05-Dopravni-prostredky.csproj", "{B879CDCE-6581-4767-BBF2-F576F6239CFD}"
EndProject
Project("{9A19103F-16F7-4668-BE54-9A1E7A4F7556}") = "03-OOP2-cv65-Karty", "03-OOP2-cv065-Karty\03-OOP2-cv65-Karty.csproj", "{2978441B-C2A9-4578-8A78-C4D140A95653}"
EndProject
Project("{9A19103F-16F7-4668-BE54-9A1E7A4F7556}") = "03-OOP2-cv07-Body", "03-OOP2-cv-07-Body\03-OOP2-cv07-Body.csproj", "{A53927B6-FF17-4407-9DDF-E57913D3395A}"
EndProject
Project("{9A19103F-16F7-4668-BE54-9A1E7A4F7556}") = "03-OOP2-cv08-IComparable-BMI", "03-OOP2-cv-08-BMI\03-OOP2-cv08-IComparable-BMI.csproj", "{201F0E06-A739-441C-8D04-FDF0ED82AEBD}"
EndProject
Global
	GlobalSection(SolutionConfigurationPlatforms) = preSolution
		Debug|Any CPU = Debug|Any CPU
		Release|Any CPU = Release|Any CPU
	EndGlobalSection
	GlobalSection(ProjectConfigurationPlatforms) = postSolution
		{A6F3D909-73A5-4C41-B5D9-3DCBCFD283F6}.Debug|Any CPU.ActiveCfg = Debug|Any CPU
		{A6F3D909-73A5-4C41-B5D9-3DCBCFD283F6}.Debug|Any CPU.Build.0 = Debug|Any CPU
		{A6F3D909-73A5-4C41-B5D9-3DCBCFD283F6}.Release|Any CPU.ActiveCfg = Release|Any CPU
		{A6F3D909-73A5-4C41-B5D9-3DCBCFD283F6}.Release|Any CPU.Build.0 = Release|Any CPU
		{4B043CF5-0CE7-433C-B351-8DDED05E2316}.Debug|Any CPU.ActiveCfg = Debug|Any CPU
		{4B043CF5-0CE7-433C-B351-8DDED05E2316}.Debug|Any CPU.Build.0 = Debug|Any CPU
		{4B043CF5-0CE7-433C-B351-8DDED05E2316}.Release|Any CPU.ActiveCfg = Release|Any CPU
		{4B043CF5-0CE7-433C-B351-8DDED05E2316}.Release|Any CPU.Build.0 = Release|Any CPU
		{8AA61202-1F93-45EA-B5D9-FE8953F425EB}.Debug|Any CPU.ActiveCfg = Debug|Any CPU
		{8AA61202-1F93-45EA-B5D9-FE8953F425EB}.Debug|Any CPU.Build.0 = Debug|Any CPU
		{8AA61202-1F93-45EA-B5D9-FE8953F425EB}.Release|Any CPU.ActiveCfg = Release|Any CPU
		{8AA61202-1F93-45EA-B5D9-FE8953F425EB}.Release|Any CPU.Build.0 = Release|Any CPU
		{5CAF2CB9-599A-42AA-A22E-CF3202002370}.Debug|Any CPU.ActiveCfg = Debug|Any CPU
		{5CAF2CB9-599A-42AA-A22E-CF3202002370}.Debug|Any CPU.Build.0 = Debug|Any CPU
		{5CAF2CB9-599A-42AA-A22E-CF3202002370}.Release|Any CPU.ActiveCfg = Release|Any CPU
		{5CAF2CB9-599A-42AA-A22E-CF3202002370}.Release|Any CPU.Build.0 = Release|Any CPU
		{4269E71F-211E-4257-B5D8-248D4DF799C5}.Debug|Any CPU.ActiveCfg = Debug|Any CPU
		{4269E71F-211E-4257-B5D8-248D4DF799C5}.Debug|Any CPU.Build.0 = Debug|Any CPU
		{4269E71F-211E-4257-B5D8-248D4DF799C5}.Release|Any CPU.ActiveCfg = Release|Any CPU
		{4269E71F-211E-4257-B5D8-248D4DF799C5}.Release|Any CPU.Build.0 = Release|Any CPU
		{94B312DC-F1F3-4188-AA85-A5213E43E4D6}.Debug|Any CPU.ActiveCfg = Debug|Any CPU
		{94B312DC-F1F3-4188-AA85-A5213E43E4D6}.Debug|Any CPU.Build.0 = Debug|Any CPU
		{94B312DC-F1F3-4188-AA85-A5213E43E4D6}.Release|Any CPU.ActiveCfg = Release|Any CPU
		{94B312DC-F1F3-4188-AA85-A5213E43E4D6}.Release|Any CPU.Build.0 = Release|Any CPU
		{E6C9D6F0-6497-496F-B50D-43F180C2C400}.Debug|Any CPU.ActiveCfg = Debug|Any CPU
		{E6C9D6F0-6497-496F-B50D-43F180C2C400}.Debug|Any CPU.Build.0 = Debug|Any CPU
		{E6C9D6F0-6497-496F-B50D-43F180C2C400}.Release|Any CPU.ActiveCfg = Release|Any CPU
		{E6C9D6F0-6497-496F-B50D-43F180C2C400}.Release|Any CPU.Build.0 = Release|Any CPU
		{0ADC0FD8-18DA-4140-BBEE-E2014F64A1AA}.Debug|Any CPU.ActiveCfg = Debug|Any CPU
		{0ADC0FD8-18DA-4140-BBEE-E2014F64A1AA}.Debug|Any CPU.Build.0 = Debug|Any CPU
		{0ADC0FD8-18DA-4140-BBEE-E2014F64A1AA}.Release|Any CPU.ActiveCfg = Release|Any CPU
		{0ADC0FD8-18DA-4140-BBEE-E2014F64A1AA}.Release|Any CPU.Build.0 = Release|Any CPU
		{71C7E1CB-2B64-4FE3-8551-43B5141C025E}.Debug|Any CPU.ActiveCfg = Debug|Any CPU
		{71C7E1CB-2B64-4FE3-8551-43B5141C025E}.Debug|Any CPU.Build.0 = Debug|Any CPU
		{71C7E1CB-2B64-4FE3-8551-43B5141C025E}.Release|Any CPU.ActiveCfg = Release|Any CPU
		{71C7E1CB-2B64-4FE3-8551-43B5141C025E}.Release|Any CPU.Build.0 = Release|Any CPU
		{F17134F4-1DD8-4F1E-851E-EE842C730AB4}.Debug|Any CPU.ActiveCfg = Debug|Any CPU
		{F17134F4-1DD8-4F1E-851E-EE842C730AB4}.Debug|Any CPU.Build.0 = Debug|Any CPU
		{F17134F4-1DD8-4F1E-851E-EE842C730AB4}.Release|Any CPU.ActiveCfg = Release|Any CPU
		{F17134F4-1DD8-4F1E-851E-EE842C730AB4}.Release|Any CPU.Build.0 = Release|Any CPU
		{4B04C39A-4615-4430-A797-B610AAE24F31}.Debug|Any CPU.ActiveCfg = Debug|Any CPU
		{4B04C39A-4615-4430-A797-B610AAE24F31}.Debug|Any CPU.Build.0 = Debug|Any CPU
		{4B04C39A-4615-4430-A797-B610AAE24F31}.Release|Any CPU.ActiveCfg = Release|Any CPU
		{4B04C39A-4615-4430-A797-B610AAE24F31}.Release|Any CPU.Build.0 = Release|Any CPU
		{66BE0681-4B4C-4C91-BA1A-5194E0C0C77C}.Debug|Any CPU.ActiveCfg = Debug|Any CPU
		{66BE0681-4B4C-4C91-BA1A-5194E0C0C77C}.Debug|Any CPU.Build.0 = Debug|Any CPU
		{66BE0681-4B4C-4C91-BA1A-5194E0C0C77C}.Release|Any CPU.ActiveCfg = Release|Any CPU
		{66BE0681-4B4C-4C91-BA1A-5194E0C0C77C}.Release|Any CPU.Build.0 = Release|Any CPU
		{1B067774-32EE-45FD-981D-D056A5DE6DCC}.Debug|Any CPU.ActiveCfg = Debug|Any CPU
		{1B067774-32EE-45FD-981D-D056A5DE6DCC}.Debug|Any CPU.Build.0 = Debug|Any CPU
		{1B067774-32EE-45FD-981D-D056A5DE6DCC}.Release|Any CPU.ActiveCfg = Release|Any CPU
		{1B067774-32EE-45FD-981D-D056A5DE6DCC}.Release|Any CPU.Build.0 = Release|Any CPU
		{0D627C93-2F55-43C6-A47A-6BFE277BFE9E}.Debug|Any CPU.ActiveCfg = Debug|Any CPU
		{0D627C93-2F55-43C6-A47A-6BFE277BFE9E}.Debug|Any CPU.Build.0 = Debug|Any CPU
		{0D627C93-2F55-43C6-A47A-6BFE277BFE9E}.Release|Any CPU.ActiveCfg = Release|Any CPU
		{0D627C93-2F55-43C6-A47A-6BFE277BFE9E}.Release|Any CPU.Build.0 = Release|Any CPU
		{9D2A8EDC-2AE5-4675-B6AB-9FDA2AFC2C3D}.Debug|Any CPU.ActiveCfg = Debug|Any CPU
		{9D2A8EDC-2AE5-4675-B6AB-9FDA2AFC2C3D}.Debug|Any CPU.Build.0 = Debug|Any CPU
		{9D2A8EDC-2AE5-4675-B6AB-9FDA2AFC2C3D}.Release|Any CPU.ActiveCfg = Release|Any CPU
		{9D2A8EDC-2AE5-4675-B6AB-9FDA2AFC2C3D}.Release|Any CPU.Build.0 = Release|Any CPU
		{3CFF901F-7E0E-45E4-8FBC-E4F2D06CC083}.Debug|Any CPU.ActiveCfg = Debug|Any CPU
		{3CFF901F-7E0E-45E4-8FBC-E4F2D06CC083}.Debug|Any CPU.Build.0 = Debug|Any CPU
		{3CFF901F-7E0E-45E4-8FBC-E4F2D06CC083}.Release|Any CPU.ActiveCfg = Release|Any CPU
		{3CFF901F-7E0E-45E4-8FBC-E4F2D06CC083}.Release|Any CPU.Build.0 = Release|Any CPU
		{6EBBC4D4-F9B9-4459-BF8E-A67D7C31ED79}.Debug|Any CPU.ActiveCfg = Debug|Any CPU
		{6EBBC4D4-F9B9-4459-BF8E-A67D7C31ED79}.Debug|Any CPU.Build.0 = Debug|Any CPU
		{6EBBC4D4-F9B9-4459-BF8E-A67D7C31ED79}.Release|Any CPU.ActiveCfg = Release|Any CPU
		{6EBBC4D4-F9B9-4459-BF8E-A67D7C31ED79}.Release|Any CPU.Build.0 = Release|Any CPU
		{B51D3241-7BCA-445A-8673-7C2659BB5528}.Debug|Any CPU.ActiveCfg = Debug|Any CPU
		{B51D3241-7BCA-445A-8673-7C2659BB5528}.Debug|Any CPU.Build.0 = Debug|Any CPU
		{B51D3241-7BCA-445A-8673-7C2659BB5528}.Release|Any CPU.ActiveCfg = Release|Any CPU
		{B51D3241-7BCA-445A-8673-7C2659BB5528}.Release|Any CPU.Build.0 = Release|Any CPU
		{95A29A64-802D-4DBF-A1BC-94ED0883B311}.Debug|Any CPU.ActiveCfg = Debug|Any CPU
		{95A29A64-802D-4DBF-A1BC-94ED0883B311}.Debug|Any CPU.Build.0 = Debug|Any CPU
		{95A29A64-802D-4DBF-A1BC-94ED0883B311}.Release|Any CPU.ActiveCfg = Release|Any CPU
		{95A29A64-802D-4DBF-A1BC-94ED0883B311}.Release|Any CPU.Build.0 = Release|Any CPU
		{ACA76E87-D6A2-4F82-96B2-426866ECC06E}.Debug|Any CPU.ActiveCfg = Debug|Any CPU
		{ACA76E87-D6A2-4F82-96B2-426866ECC06E}.Debug|Any CPU.Build.0 = Debug|Any CPU
		{ACA76E87-D6A2-4F82-96B2-426866ECC06E}.Release|Any CPU.ActiveCfg = Release|Any CPU
		{ACA76E87-D6A2-4F82-96B2-426866ECC06E}.Release|Any CPU.Build.0 = Release|Any CPU
		{80D28154-3E43-4BC9-BB3C-9FF7A3C09AB1}.Debug|Any CPU.ActiveCfg = Debug|Any CPU
		{80D28154-3E43-4BC9-BB3C-9FF7A3C09AB1}.Debug|Any CPU.Build.0 = Debug|Any CPU
		{80D28154-3E43-4BC9-BB3C-9FF7A3C09AB1}.Release|Any CPU.ActiveCfg = Release|Any CPU
		{80D28154-3E43-4BC9-BB3C-9FF7A3C09AB1}.Release|Any CPU.Build.0 = Release|Any CPU
		{742308A7-1119-42A9-B1A9-41D4FC539E9D}.Debug|Any CPU.ActiveCfg = Debug|Any CPU
		{742308A7-1119-42A9-B1A9-41D4FC539E9D}.Debug|Any CPU.Build.0 = Debug|Any CPU
		{742308A7-1119-42A9-B1A9-41D4FC539E9D}.Release|Any CPU.ActiveCfg = Release|Any CPU
		{742308A7-1119-42A9-B1A9-41D4FC539E9D}.Release|Any CPU.Build.0 = Release|Any CPU
		{DCDC1C29-4DE0-441F-987A-09CCA89288AF}.Debug|Any CPU.ActiveCfg = Debug|Any CPU
		{DCDC1C29-4DE0-441F-987A-09CCA89288AF}.Debug|Any CPU.Build.0 = Debug|Any CPU
		{DCDC1C29-4DE0-441F-987A-09CCA89288AF}.Release|Any CPU.ActiveCfg = Release|Any CPU
		{DCDC1C29-4DE0-441F-987A-09CCA89288AF}.Release|Any CPU.Build.0 = Release|Any CPU
		{2DE6DA21-B135-4C45-A5BC-FE1D12503F5A}.Debug|Any CPU.ActiveCfg = Debug|Any CPU
		{2DE6DA21-B135-4C45-A5BC-FE1D12503F5A}.Debug|Any CPU.Build.0 = Debug|Any CPU
		{2DE6DA21-B135-4C45-A5BC-FE1D12503F5A}.Release|Any CPU.ActiveCfg = Release|Any CPU
		{2DE6DA21-B135-4C45-A5BC-FE1D12503F5A}.Release|Any CPU.Build.0 = Release|Any CPU
		{B879CDCE-6581-4767-BBF2-F576F6239CFD}.Debug|Any CPU.ActiveCfg = Debug|Any CPU
		{B879CDCE-6581-4767-BBF2-F576F6239CFD}.Debug|Any CPU.Build.0 = Debug|Any CPU
		{B879CDCE-6581-4767-BBF2-F576F6239CFD}.Release|Any CPU.ActiveCfg = Release|Any CPU
		{B879CDCE-6581-4767-BBF2-F576F6239CFD}.Release|Any CPU.Build.0 = Release|Any CPU
		{2978441B-C2A9-4578-8A78-C4D140A95653}.Debug|Any CPU.ActiveCfg = Debug|Any CPU
		{2978441B-C2A9-4578-8A78-C4D140A95653}.Debug|Any CPU.Build.0 = Debug|Any CPU
		{2978441B-C2A9-4578-8A78-C4D140A95653}.Release|Any CPU.ActiveCfg = Release|Any CPU
		{2978441B-C2A9-4578-8A78-C4D140A95653}.Release|Any CPU.Build.0 = Release|Any CPU
		{A53927B6-FF17-4407-9DDF-E57913D3395A}.Debug|Any CPU.ActiveCfg = Debug|Any CPU
		{A53927B6-FF17-4407-9DDF-E57913D3395A}.Debug|Any CPU.Build.0 = Debug|Any CPU
		{A53927B6-FF17-4407-9DDF-E57913D3395A}.Release|Any CPU.ActiveCfg = Release|Any CPU
		{A53927B6-FF17-4407-9DDF-E57913D3395A}.Release|Any CPU.Build.0 = Release|Any CPU
		{201F0E06-A739-441C-8D04-FDF0ED82AEBD}.Debug|Any CPU.ActiveCfg = Debug|Any CPU
		{201F0E06-A739-441C-8D04-FDF0ED82AEBD}.Debug|Any CPU.Build.0 = Debug|Any CPU
		{201F0E06-A739-441C-8D04-FDF0ED82AEBD}.Release|Any CPU.ActiveCfg = Release|Any CPU
		{201F0E06-A739-441C-8D04-FDF0ED82AEBD}.Release|Any CPU.Build.0 = Release|Any CPU
	EndGlobalSection
	GlobalSection(SolutionProperties) = preSolution
		HideSolutionNode = FALSE
	EndGlobalSection
	GlobalSection(NestedProjects) = preSolution
		{A6F3D909-73A5-4C41-B5D9-3DCBCFD283F6} = {2D0CA24D-A028-4917-97E7-42F15917A1DE}
		{4B043CF5-0CE7-433C-B351-8DDED05E2316} = {2D0CA24D-A028-4917-97E7-42F15917A1DE}
		{8AA61202-1F93-45EA-B5D9-FE8953F425EB} = {2D0CA24D-A028-4917-97E7-42F15917A1DE}
		{5CAF2CB9-599A-42AA-A22E-CF3202002370} = {2D0CA24D-A028-4917-97E7-42F15917A1DE}
		{4269E71F-211E-4257-B5D8-248D4DF799C5} = {2D0CA24D-A028-4917-97E7-42F15917A1DE}
		{94B312DC-F1F3-4188-AA85-A5213E43E4D6} = {2D0CA24D-A028-4917-97E7-42F15917A1DE}
		{E6C9D6F0-6497-496F-B50D-43F180C2C400} = {468E69D8-11AB-4501-B321-71481F4A1F7B}
		{0ADC0FD8-18DA-4140-BBEE-E2014F64A1AA} = {468E69D8-11AB-4501-B321-71481F4A1F7B}
		{71C7E1CB-2B64-4FE3-8551-43B5141C025E} = {468E69D8-11AB-4501-B321-71481F4A1F7B}
		{F17134F4-1DD8-4F1E-851E-EE842C730AB4} = {468E69D8-11AB-4501-B321-71481F4A1F7B}
		{4B04C39A-4615-4430-A797-B610AAE24F31} = {468E69D8-11AB-4501-B321-71481F4A1F7B}
		{66BE0681-4B4C-4C91-BA1A-5194E0C0C77C} = {468E69D8-11AB-4501-B321-71481F4A1F7B}
		{1B067774-32EE-45FD-981D-D056A5DE6DCC} = {468E69D8-11AB-4501-B321-71481F4A1F7B}
		{0D627C93-2F55-43C6-A47A-6BFE277BFE9E} = {61151C07-D52B-4CE2-9CC1-90124523CC93}
		{9D2A8EDC-2AE5-4675-B6AB-9FDA2AFC2C3D} = {61151C07-D52B-4CE2-9CC1-90124523CC93}
		{3CFF901F-7E0E-45E4-8FBC-E4F2D06CC083} = {61151C07-D52B-4CE2-9CC1-90124523CC93}
		{6EBBC4D4-F9B9-4459-BF8E-A67D7C31ED79} = {468E69D8-11AB-4501-B321-71481F4A1F7B}
		{B51D3241-7BCA-445A-8673-7C2659BB5528} = {61151C07-D52B-4CE2-9CC1-90124523CC93}
		{95A29A64-802D-4DBF-A1BC-94ED0883B311} = {61151C07-D52B-4CE2-9CC1-90124523CC93}
		{ACA76E87-D6A2-4F82-96B2-426866ECC06E} = {61151C07-D52B-4CE2-9CC1-90124523CC93}
		{80D28154-3E43-4BC9-BB3C-9FF7A3C09AB1} = {61151C07-D52B-4CE2-9CC1-90124523CC93}
		{742308A7-1119-42A9-B1A9-41D4FC539E9D} = {61151C07-D52B-4CE2-9CC1-90124523CC93}
		{DCDC1C29-4DE0-441F-987A-09CCA89288AF} = {61151C07-D52B-4CE2-9CC1-90124523CC93}
		{2DE6DA21-B135-4C45-A5BC-FE1D12503F5A} = {61151C07-D52B-4CE2-9CC1-90124523CC93}
		{B879CDCE-6581-4767-BBF2-F576F6239CFD} = {61151C07-D52B-4CE2-9CC1-90124523CC93}
		{2978441B-C2A9-4578-8A78-C4D140A95653} = {61151C07-D52B-4CE2-9CC1-90124523CC93}
		{A53927B6-FF17-4407-9DDF-E57913D3395A} = {61151C07-D52B-4CE2-9CC1-90124523CC93}
		{201F0E06-A739-441C-8D04-FDF0ED82AEBD} = {61151C07-D52B-4CE2-9CC1-90124523CC93}
	EndGlobalSection
	GlobalSection(ExtensibilityGlobals) = postSolution
		SolutionGuid = {198B9E74-2A99-4961-8A43-E6A85E85C11A}
	EndGlobalSection
EndGlobal
